
Microsoft Visual Studio Solution File, Format Version 12.00
# Visual Studio Version 17
VisualStudioVersion = 17.10.34928.147
MinimumVisualStudioVersion = 10.0.40219.1
Project("{FAE04EC0-301F-11D3-BF4B-00C04F79EFBC}") = "TicTacToe", "TicTacToe.csproj", "{EDAD5BD5-6DF0-4826-8B8F-6C44EDBCBECA}"
EndProject
Global
	GlobalSection(SolutionConfigurationPlatforms) = preSolution
		Debug|Any CPU = Debug|Any CPU
		Release|Any CPU = Release|Any CPU
	EndGlobalSection
	GlobalSection(ProjectConfigurationPlatforms) = postSolution
		{EDAD5BD5-6DF0-4826-8B8F-6C44EDBCBECA}.Debug|Any CPU.ActiveCfg = Debug|Any CPU
		{EDAD5BD5-6DF0-4826-8B8F-6C44EDBCBECA}.Debug|Any CPU.Build.0 = Debug|Any CPU
		{EDAD5BD5-6DF0-4826-8B8F-6C44EDBCBECA}.Release|Any CPU.ActiveCfg = Release|Any CPU
		{EDAD5BD5-6DF0-4826-8B8F-6C44EDBCBECA}.Release|Any CPU.Build.0 = Release|Any CPU
	EndGlobalSection
	GlobalSection(SolutionProperties) = preSolution
		HideSolutionNode = FALSE
	EndGlobalSection
	GlobalSection(ExtensibilityGlobals) = postSolution
		SolutionGuid = {D94DE0B1-C166-458D-8089-FCDBDC09BCB6}
	EndGlobalSection
EndGlobal
